// !$*UTF8*$!
{
	archiveVersion = 1;
	classes = {
	};
	objectVersion = 56;
	objects = {

/* Begin PBXBuildFile section */
		715EC7A52B2A42F30033DC1C /* CitySightsApp.swift in Sources */ = {isa = PBXBuildFile; fileRef = 715EC7A42B2A42F30033DC1C /* CitySightsApp.swift */; };
		715EC7A72B2A42F30033DC1C /* ContentView.swift in Sources */ = {isa = PBXBuildFile; fileRef = 715EC7A62B2A42F30033DC1C /* ContentView.swift */; };
		715EC7A92B2A42F40033DC1C /* Assets.xcassets in Resources */ = {isa = PBXBuildFile; fileRef = 715EC7A82B2A42F40033DC1C /* Assets.xcassets */; };
		715EC7AC2B2A42F40033DC1C /* Preview Assets.xcassets in Resources */ = {isa = PBXBuildFile; fileRef = 715EC7AB2B2A42F40033DC1C /* Preview Assets.xcassets */; };
		715EC7B52B2A6E5B0033DC1C /* DataService.swift in Sources */ = {isa = PBXBuildFile; fileRef = 715EC7B42B2A6E5B0033DC1C /* DataService.swift */; };
		715EC7D02B2A9E210033DC1C /* Location.swift in Sources */ = {isa = PBXBuildFile; fileRef = 715EC7CE2B2A9E210033DC1C /* Location.swift */; };
		715EC7D12B2A9E210033DC1C /* BusinessSearch.swift in Sources */ = {isa = PBXBuildFile; fileRef = 715EC7CF2B2A9E210033DC1C /* BusinessSearch.swift */; };
		715EC7D22B2A9E210033DC1C /* Business.swift in Sources */ = {isa = PBXBuildFile; fileRef = 715EC7CD2B2A9E210033DC1C /* Business.swift */; };
		715EC7D32B2A9E210033DC1C /* Category.swift in Sources */ = {isa = PBXBuildFile; fileRef = 715EC7CC2B2A9E200033DC1C /* Category.swift */; };
/* End PBXBuildFile section */

/* Begin PBXFileReference section */
		715EC7A12B2A42F30033DC1C /* CitySights.app */ = {isa = PBXFileReference; explicitFileType = wrapper.application; includeInIndex = 0; path = CitySights.app; sourceTree = BUILT_PRODUCTS_DIR; };
		715EC7A42B2A42F30033DC1C /* CitySightsApp.swift */ = {isa = PBXFileReference; lastKnownFileType = sourcecode.swift; path = CitySightsApp.swift; sourceTree = "<group>"; };
		715EC7A62B2A42F30033DC1C /* ContentView.swift */ = {isa = PBXFileReference; lastKnownFileType = sourcecode.swift; path = ContentView.swift; sourceTree = "<group>"; };
		715EC7A82B2A42F40033DC1C /* Assets.xcassets */ = {isa = PBXFileReference; lastKnownFileType = folder.assetcatalog; path = Assets.xcassets; sourceTree = "<group>"; };
		715EC7AB2B2A42F40033DC1C /* Preview Assets.xcassets */ = {isa = PBXFileReference; lastKnownFileType = folder.assetcatalog; path = "Preview Assets.xcassets"; sourceTree = "<group>"; };
		715EC7B22B2A63ED0033DC1C /* Config.xcconfig */ = {isa = PBXFileReference; lastKnownFileType = text.xcconfig; path = Config.xcconfig; sourceTree = "<group>"; };
		715EC7B32B2A65CE0033DC1C /* Info.plist */ = {isa = PBXFileReference; lastKnownFileType = text.plist; path = Info.plist; sourceTree = "<group>"; };
		715EC7B42B2A6E5B0033DC1C /* DataService.swift */ = {isa = PBXFileReference; lastKnownFileType = sourcecode.swift; path = DataService.swift; sourceTree = "<group>"; };
		715EC7CC2B2A9E200033DC1C /* Category.swift */ = {isa = PBXFileReference; lastKnownFileType = sourcecode.swift; path = Category.swift; sourceTree = "<group>"; };
		715EC7CD2B2A9E210033DC1C /* Business.swift */ = {isa = PBXFileReference; lastKnownFileType = sourcecode.swift; path = Business.swift; sourceTree = "<group>"; };
		715EC7CE2B2A9E210033DC1C /* Location.swift */ = {isa = PBXFileReference; lastKnownFileType = sourcecode.swift; path = Location.swift; sourceTree = "<group>"; };
		715EC7CF2B2A9E210033DC1C /* BusinessSearch.swift */ = {isa = PBXFileReference; lastKnownFileType = sourcecode.swift; path = BusinessSearch.swift; sourceTree = "<group>"; };
/* End PBXFileReference section */

/* Begin PBXFrameworksBuildPhase section */
		715EC79E2B2A42F30033DC1C /* Frameworks */ = {
			isa = PBXFrameworksBuildPhase;
			buildActionMask = 2147483647;
			files = (
			);
			runOnlyForDeploymentPostprocessing = 0;
		};
/* End PBXFrameworksBuildPhase section */

/* Begin PBXGroup section */
		715EC7982B2A42F30033DC1C = {
			isa = PBXGroup;
			children = (
				715EC7A32B2A42F30033DC1C /* CitySights */,
				715EC7A22B2A42F30033DC1C /* Products */,
			);
			sourceTree = "<group>";
		};
		715EC7A22B2A42F30033DC1C /* Products */ = {
			isa = PBXGroup;
			children = (
				715EC7A12B2A42F30033DC1C /* CitySights.app */,
			);
			name = Products;
			sourceTree = "<group>";
		};
		715EC7A32B2A42F30033DC1C /* CitySights */ = {
			isa = PBXGroup;
			children = (
				715EC7D42B2A9E2B0033DC1C /* Models */,
				715EC7CB2B2A9E090033DC1C /* Service */,
				715EC7B32B2A65CE0033DC1C /* Info.plist */,
				715EC7A42B2A42F30033DC1C /* CitySightsApp.swift */,
				715EC7A62B2A42F30033DC1C /* ContentView.swift */,
				715EC7B22B2A63ED0033DC1C /* Config.xcconfig */,
				715EC7A82B2A42F40033DC1C /* Assets.xcassets */,
				715EC7AA2B2A42F40033DC1C /* Preview Content */,
			);
			path = CitySights;
			sourceTree = "<group>";
		};
		715EC7AA2B2A42F40033DC1C /* Preview Content */ = {
			isa = PBXGroup;
			children = (
				715EC7AB2B2A42F40033DC1C /* Preview Assets.xcassets */,
			);
			path = "Preview Content";
			sourceTree = "<group>";
		};
		715EC7CB2B2A9E090033DC1C /* Service */ = {
			isa = PBXGroup;
			children = (
				715EC7B42B2A6E5B0033DC1C /* DataService.swift */,
			);
			path = Service;
			sourceTree = "<group>";
		};
		715EC7D42B2A9E2B0033DC1C /* Models */ = {
			isa = PBXGroup;
			children = (
				715EC7CD2B2A9E210033DC1C /* Business.swift */,
				715EC7CF2B2A9E210033DC1C /* BusinessSearch.swift */,
				715EC7CC2B2A9E200033DC1C /* Category.swift */,
				715EC7CE2B2A9E210033DC1C /* Location.swift */,
			);
			path = Models;
			sourceTree = "<group>";
		};
/* End PBXGroup section */

/* Begin PBXNativeTarget section */
		715EC7A02B2A42F30033DC1C /* CitySights */ = {
			isa = PBXNativeTarget;
			buildConfigurationList = 715EC7AF2B2A42F40033DC1C /* Build configuration list for PBXNativeTarget "CitySights" */;
			buildPhases = (
				715EC79D2B2A42F30033DC1C /* Sources */,
				715EC79E2B2A42F30033DC1C /* Frameworks */,
				715EC79F2B2A42F30033DC1C /* Resources */,
			);
			buildRules = (
			);
			dependencies = (
			);
			name = CitySights;
			productName = CitySights;
			productReference = 715EC7A12B2A42F30033DC1C /* CitySights.app */;
			productType = "com.apple.product-type.application";
		};
/* End PBXNativeTarget section */

/* Begin PBXProject section */
		715EC7992B2A42F30033DC1C /* Project object */ = {
			isa = PBXProject;
			attributes = {
				BuildIndependentTargetsInParallel = 1;
				LastSwiftUpdateCheck = 1500;
				LastUpgradeCheck = 1500;
				TargetAttributes = {
					715EC7A02B2A42F30033DC1C = {
						CreatedOnToolsVersion = 15.0.1;
					};
				};
			};
			buildConfigurationList = 715EC79C2B2A42F30033DC1C /* Build configuration list for PBXProject "CitySights" */;
			compatibilityVersion = "Xcode 14.0";
			developmentRegion = en;
			hasScannedForEncodings = 0;
			knownRegions = (
				en,
				Base,
			);
			mainGroup = 715EC7982B2A42F30033DC1C;
			productRefGroup = 715EC7A22B2A42F30033DC1C /* Products */;
			projectDirPath = "";
			projectRoot = "";
			targets = (
				715EC7A02B2A42F30033DC1C /* CitySights */,
			);
		};
/* End PBXProject section */

/* Begin PBXResourcesBuildPhase section */
		715EC79F2B2A42F30033DC1C /* Resources */ = {
			isa = PBXResourcesBuildPhase;
			buildActionMask = 2147483647;
			files = (
				715EC7AC2B2A42F40033DC1C /* Preview Assets.xcassets in Resources */,
				715EC7A92B2A42F40033DC1C /* Assets.xcassets in Resources */,
			);
			runOnlyForDeploymentPostprocessing = 0;
		};
/* End PBXResourcesBuildPhase section */

/* Begin PBXSourcesBuildPhase section */
		715EC79D2B2A42F30033DC1C /* Sources */ = {
			isa = PBXSourcesBuildPhase;
			buildActionMask = 2147483647;
			files = (
				715EC7B52B2A6E5B0033DC1C /* DataService.swift in Sources */,
				715EC7A72B2A42F30033DC1C /* ContentView.swift in Sources */,
				715EC7D02B2A9E210033DC1C /* Location.swift in Sources */,
				715EC7D22B2A9E210033DC1C /* Business.swift in Sources */,
				715EC7D12B2A9E210033DC1C /* BusinessSearch.swift in Sources */,
				715EC7A52B2A42F30033DC1C /* CitySightsApp.swift in Sources */,
				715EC7D32B2A9E210033DC1C /* Category.swift in Sources */,
			);
			runOnlyForDeploymentPostprocessing = 0;
		};
/* End PBXSourcesBuildPhase section */

/* Begin XCBuildConfiguration section */
		715EC7AD2B2A42F40033DC1C /* Debug */ = {
			isa = XCBuildConfiguration;
			baseConfigurationReference = 715EC7B22B2A63ED0033DC1C /* Config.xcconfig */;
			buildSettings = {
				ALWAYS_SEARCH_USER_PATHS = NO;
				ASSETCATALOG_COMPILER_GENERATE_SWIFT_ASSET_SYMBOL_EXTENSIONS = YES;
				CLANG_ANALYZER_NONNULL = YES;
				CLANG_ANALYZER_NUMBER_OBJECT_CONVERSION = YES_AGGRESSIVE;
				CLANG_CXX_LANGUAGE_STANDARD = "gnu++20";
				CLANG_ENABLE_MODULES = YES;
				CLANG_ENABLE_OBJC_ARC = YES;
				CLANG_ENABLE_OBJC_WEAK = YES;
				CLANG_WARN_BLOCK_CAPTURE_AUTORELEASING = YES;
				CLANG_WARN_BOOL_CONVERSION = YES;
				CLANG_WARN_COMMA = YES;
				CLANG_WARN_CONSTANT_CONVERSION = YES;
				CLANG_WARN_DEPRECATED_OBJC_IMPLEMENTATIONS = YES;
				CLANG_WARN_DIRECT_OBJC_ISA_USAGE = YES_ERROR;
				CLANG_WARN_DOCUMENTATION_COMMENTS = YES;
				CLANG_WARN_EMPTY_BODY = YES;
				CLANG_WARN_ENUM_CONVERSION = YES;
				CLANG_WARN_INFINITE_RECURSION = YES;
				CLANG_WARN_INT_CONVERSION = YES;
				CLANG_WARN_NON_LITERAL_NULL_CONVERSION = YES;
				CLANG_WARN_OBJC_IMPLICIT_RETAIN_SELF = YES;
				CLANG_WARN_OBJC_LITERAL_CONVERSION = YES;
				CLANG_WARN_OBJC_ROOT_CLASS = YES_ERROR;
				CLANG_WARN_QUOTED_INCLUDE_IN_FRAMEWORK_HEADER = YES;
				CLANG_WARN_RANGE_LOOP_ANALYSIS = YES;
				CLANG_WARN_STRICT_PROTOTYPES = YES;
				CLANG_WARN_SUSPICIOUS_MOVE = YES;
				CLANG_WARN_UNGUARDED_AVAILABILITY = YES_AGGRESSIVE;
				CLANG_WARN_UNREACHABLE_CODE = YES;
				CLANG_WARN__DUPLICATE_METHOD_MATCH = YES;
				COPY_PHASE_STRIP = NO;
				DEBUG_INFORMATION_FORMAT = dwarf;
				ENABLE_STRICT_OBJC_MSGSEND = YES;
				ENABLE_TESTABILITY = YES;
				ENABLE_USER_SCRIPT_SANDBOXING = YES;
				GCC_C_LANGUAGE_STANDARD = gnu17;
				GCC_DYNAMIC_NO_PIC = NO;
				GCC_NO_COMMON_BLOCKS = YES;
				GCC_OPTIMIZATION_LEVEL = 0;
				GCC_PREPROCESSOR_DEFINITIONS = (
					"DEBUG=1",
					"$(inherited)",
				);
				GCC_WARN_64_TO_32_BIT_CONVERSION = YES;
				GCC_WARN_ABOUT_RETURN_TYPE = YES_ERROR;
				GCC_WARN_UNDECLARED_SELECTOR = YES;
				GCC_WARN_UNINITIALIZED_AUTOS = YES_AGGRESSIVE;
				GCC_WARN_UNUSED_FUNCTION = YES;
				GCC_WARN_UNUSED_VARIABLE = YES;
				IPHONEOS_DEPLOYMENT_TARGET = 17.0;
				LOCALIZATION_PREFERS_STRING_CATALOGS = YES;
				MTL_ENABLE_DEBUG_INFO = INCLUDE_SOURCE;
				MTL_FAST_MATH = YES;
				ONLY_ACTIVE_ARCH = YES;
				SDKROOT = iphoneos;
				SWIFT_ACTIVE_COMPILATION_CONDITIONS = "DEBUG $(inherited)";
				SWIFT_OPTIMIZATION_LEVEL = "-Onone";
			};
			name = Debug;
		};
		715EC7AE2B2A42F40033DC1C /* Release */ = {
			isa = XCBuildConfiguration;
			baseConfigurationReference = 715EC7B22B2A63ED0033DC1C /* Config.xcconfig */;
			buildSettings = {
				ALWAYS_SEARCH_USER_PATHS = NO;
				ASSETCATALOG_COMPILER_GENERATE_SWIFT_ASSET_SYMBOL_EXTENSIONS = YES;
				CLANG_ANALYZER_NONNULL = YES;
				CLANG_ANALYZER_NUMBER_OBJECT_CONVERSION = YES_AGGRESSIVE;
				CLANG_CXX_LANGUAGE_STANDARD = "gnu++20";
				CLANG_ENABLE_MODULES = YES;
				CLANG_ENABLE_OBJC_ARC = YES;
				CLANG_ENABLE_OBJC_WEAK = YES;
				CLANG_WARN_BLOCK_CAPTURE_AUTORELEASING = YES;
				CLANG_WARN_BOOL_CONVERSION = YES;
				CLANG_WARN_COMMA = YES;
				CLANG_WARN_CONSTANT_CONVERSION = YES;
				CLANG_WARN_DEPRECATED_OBJC_IMPLEMENTATIONS = YES;
				CLANG_WARN_DIRECT_OBJC_ISA_USAGE = YES_ERROR;
				CLANG_WARN_DOCUMENTATION_COMMENTS = YES;
				CLANG_WARN_EMPTY_BODY = YES;
				CLANG_WARN_ENUM_CONVERSION = YES;
				CLANG_WARN_INFINITE_RECURSION = YES;
				CLANG_WARN_INT_CONVERSION = YES;
				CLANG_WARN_NON_LITERAL_NULL_CONVERSION = YES;
				CLANG_WARN_OBJC_IMPLICIT_RETAIN_SELF = YES;
				CLANG_WARN_OBJC_LITERAL_CONVERSION = YES;
				CLANG_WARN_OBJC_ROOT_CLASS = YES_ERROR;
				CLANG_WARN_QUOTED_INCLUDE_IN_FRAMEWORK_HEADER = YES;
				CLANG_WARN_RANGE_LOOP_ANALYSIS = YES;
				CLANG_WARN_STRICT_PROTOTYPES = YES;
				CLANG_WARN_SUSPICIOUS_MOVE = YES;
				CLANG_WARN_UNGUARDED_AVAILABILITY = YES_AGGRESSIVE;
				CLANG_WARN_UNREACHABLE_CODE = YES;
				CLANG_WARN__DUPLICATE_METHOD_MATCH = YES;
				COPY_PHASE_STRIP = NO;
				DEBUG_INFORMATION_FORMAT = "dwarf-with-dsym";
				ENABLE_NS_ASSERTIONS = NO;
				ENABLE_STRICT_OBJC_MSGSEND = YES;
				ENABLE_USER_SCRIPT_SANDBOXING = YES;
				GCC_C_LANGUAGE_STANDARD = gnu17;
				GCC_NO_COMMON_BLOCKS = YES;
				GCC_WARN_64_TO_32_BIT_CONVERSION = YES;
				GCC_WARN_ABOUT_RETURN_TYPE = YES_ERROR;
				GCC_WARN_UNDECLARED_SELECTOR = YES;
				GCC_WARN_UNINITIALIZED_AUTOS = YES_AGGRESSIVE;
				GCC_WARN_UNUSED_FUNCTION = YES;
				GCC_WARN_UNUSED_VARIABLE = YES;
				IPHONEOS_DEPLOYMENT_TARGET = 17.0;
				LOCALIZATION_PREFERS_STRING_CATALOGS = YES;
				MTL_ENABLE_DEBUG_INFO = NO;
				MTL_FAST_MATH = YES;
				SDKROOT = iphoneos;
				SWIFT_COMPILATION_MODE = wholemodule;
				VALIDATE_PRODUCT = YES;
			};
			name = Release;
		};
		715EC7B02B2A42F40033DC1C /* Debug */ = {
			isa = XCBuildConfiguration;
			buildSettings = {
				ASSETCATALOG_COMPILER_APPICON_NAME = AppIcon;
				ASSETCATALOG_COMPILER_GLOBAL_ACCENT_COLOR_NAME = AccentColor;
				CODE_SIGN_STYLE = Automatic;
				CURRENT_PROJECT_VERSION = 1;
				DEVELOPMENT_ASSET_PATHS = "\"CitySights/Preview Content\"";
				DEVELOPMENT_TEAM = 7VM5MRXF6F;
				ENABLE_PREVIEWS = YES;
				GENERATE_INFOPLIST_FILE = YES;
				INFOPLIST_FILE = CitySights/Info.plist;
				INFOPLIST_KEY_UIApplicationSceneManifest_Generation = YES;
				INFOPLIST_KEY_UIApplicationSupportsIndirectInputEvents = YES;
				INFOPLIST_KEY_UILaunchScreen_Generation = YES;
				INFOPLIST_KEY_UISupportedInterfaceOrientations_iPad = "UIInterfaceOrientationPortrait UIInterfaceOrientationPortraitUpsideDown UIInterfaceOrientationLandscapeLeft UIInterfaceOrientationLandscapeRight";
				INFOPLIST_KEY_UISupportedInterfaceOrientations_iPhone = "UIInterfaceOrientationPortrait UIInterfaceOrientationLandscapeLeft UIInterfaceOrientationLandscapeRight";
				LD_RUNPATH_SEARCH_PATHS = (
					"$(inherited)",
					"@executable_path/Frameworks",
				);
				MARKETING_VERSION = 1.0;
				PRODUCT_BUNDLE_IDENTIFIER = dev.danilelelewis.CitySights;
				PRODUCT_NAME = "$(TARGET_NAME)";
				SWIFT_EMIT_LOC_STRINGS = YES;
				SWIFT_VERSION = 5.0;
				TARGETED_DEVICE_FAMILY = "1,2";
			};
			name = Debug;
		};
		715EC7B12B2A42F40033DC1C /* Release */ = {
			isa = XCBuildConfiguration;
			buildSettings = {
				ASSETCATALOG_COMPILER_APPICON_NAME = AppIcon;
				ASSETCATALOG_COMPILER_GLOBAL_ACCENT_COLOR_NAME = AccentColor;
				CODE_SIGN_STYLE = Automatic;
				CURRENT_PROJECT_VERSION = 1;
				DEVELOPMENT_ASSET_PATHS = "\"CitySights/Preview Content\"";
				DEVELOPMENT_TEAM = 7VM5MRXF6F;
				ENABLE_PREVIEWS = YES;
				GENERATE_INFOPLIST_FILE = YES;
				INFOPLIST_FILE = CitySights/Info.plist;
				INFOPLIST_KEY_UIApplicationSceneManifest_Generation = YES;
				INFOPLIST_KEY_UIApplicationSupportsIndirectInputEvents = YES;
				INFOPLIST_KEY_UILaunchScreen_Generation = YES;
				INFOPLIST_KEY_UISupportedInterfaceOrientations_iPad = "UIInterfaceOrientationPortrait UIInterfaceOrientationPortraitUpsideDown UIInterfaceOrientationLandscapeLeft UIInterfaceOrientationLandscapeRight";
				INFOPLIST_KEY_UISupportedInterfaceOrientations_iPhone = "UIInterfaceOrientationPortrait UIInterfaceOrientationLandscapeLeft UIInterfaceOrientationLandscapeRight";
				LD_RUNPATH_SEARCH_PATHS = (
					"$(inherited)",
					"@executable_path/Frameworks",
				);
				MARKETING_VERSION = 1.0;
				PRODUCT_BUNDLE_IDENTIFIER = dev.danilelelewis.CitySights;
				PRODUCT_NAME = "$(TARGET_NAME)";
				SWIFT_EMIT_LOC_STRINGS = YES;
				SWIFT_VERSION = 5.0;
				TARGETED_DEVICE_FAMILY = "1,2";
			};
			name = Release;
		};
/* End XCBuildConfiguration section */

/* Begin XCConfigurationList section */
		715EC79C2B2A42F30033DC1C /* Build configuration list for PBXProject "CitySights" */ = {
			isa = XCConfigurationList;
			buildConfigurations = (
				715EC7AD2B2A42F40033DC1C /* Debug */,
				715EC7AE2B2A42F40033DC1C /* Release */,
			);
			defaultConfigurationIsVisible = 0;
			defaultConfigurationName = Release;
		};
		715EC7AF2B2A42F40033DC1C /* Build configuration list for PBXNativeTarget "CitySights" */ = {
			isa = XCConfigurationList;
			buildConfigurations = (
				715EC7B02B2A42F40033DC1C /* Debug */,
				715EC7B12B2A42F40033DC1C /* Release */,
			);
			defaultConfigurationIsVisible = 0;
			defaultConfigurationName = Release;
		};
/* End XCConfigurationList section */
	};
	rootObject = 715EC7992B2A42F30033DC1C /* Project object */;
}
